{
  "version": 4,
  "terraform_version": "0.12.18",
  "serial": 39,
  "lineage": "87107bf5-7ac9-1179-cff0-5e09c9bff762",
  "outputs": {
    "base_url": {
      "value": "https://3ebxyu2w84.execute-api.ap-southeast-1.amazonaws.com/test",
      "type": "string"
    }
  },
  "resources": [
    {
      "mode": "managed",
      "type": "aws_api_gateway_deployment",
      "name": "krazzybee_api",
      "provider": "provider.aws",
      "instances": [
        {
          "schema_version": 0,
          "attributes": {
            "created_date": "2020-01-03T14:03:38Z",
            "description": "",
            "execution_arn": "arn:aws:execute-api:ap-southeast-1:348320516530:3ebxyu2w84/test",
            "id": "82s78o",
            "invoke_url": "https://3ebxyu2w84.execute-api.ap-southeast-1.amazonaws.com/test",
            "rest_api_id": "3ebxyu2w84",
            "stage_description": null,
            "stage_name": "test",
            "variables": null
          },
          "private": "bnVsbA==",
          "dependencies": [
            "aws_api_gateway_integration.lambda",
            "aws_api_gateway_method.hello",
            "aws_api_gateway_resource.myreq",
            "aws_api_gateway_rest_api.krazzybee_api",
            "aws_lambda_function.krazzybee_lambda"
          ]
        }
      ]
    },
    {
      "mode": "managed",
      "type": "aws_api_gateway_integration",
      "name": "lambda",
      "provider": "provider.aws",
      "instances": [
        {
          "schema_version": 0,
          "attributes": {
            "cache_key_parameters": null,
            "cache_namespace": "2uir91",
            "connection_id": "",
            "connection_type": "INTERNET",
            "content_handling": "",
            "credentials": "",
            "http_method": "GET",
            "id": "agi-3ebxyu2w84-2uir91-GET",
            "integration_http_method": "POST",
            "passthrough_behavior": "WHEN_NO_MATCH",
            "request_parameters": null,
            "request_parameters_in_json": null,
            "request_templates": null,
            "resource_id": "2uir91",
            "rest_api_id": "3ebxyu2w84",
            "timeout_milliseconds": 29000,
            "type": "AWS_PROXY",
            "uri": "arn:aws:apigateway:ap-southeast-1:lambda:path/2015-03-31/functions/arn:aws:lambda:ap-southeast-1:348320516530:function:hello_lambda/invocations"
          },
          "private": "bnVsbA==",
          "dependencies": [
            "aws_api_gateway_method.hello",
            "aws_api_gateway_resource.myreq",
            "aws_api_gateway_rest_api.krazzybee_api",
            "aws_lambda_function.krazzybee_lambda"
          ]
        }
      ]
    },
    {
      "mode": "managed",
      "type": "aws_api_gateway_method",
      "name": "hello",
      "provider": "provider.aws",
      "instances": [
        {
          "schema_version": 0,
          "attributes": {
            "api_key_required": false,
            "authorization": "NONE",
            "authorization_scopes": null,
            "authorizer_id": null,
            "http_method": "GET",
            "id": "agm-3ebxyu2w84-2uir91-GET",
            "request_models": null,
            "request_parameters": null,
            "request_parameters_in_json": null,
            "request_validator_id": null,
            "resource_id": "2uir91",
            "rest_api_id": "3ebxyu2w84"
          },
          "private": "bnVsbA==",
          "dependencies": [
            "aws_api_gateway_resource.myreq",
            "aws_api_gateway_rest_api.krazzybee_api"
          ]
        }
      ]
    },
    {
      "mode": "managed",
      "type": "aws_api_gateway_resource",
      "name": "myreq",
      "provider": "provider.aws",
      "instances": [
        {
          "schema_version": 0,
          "attributes": {
            "id": "2uir91",
            "parent_id": "6d7nwpmepa",
            "path": "/myreq",
            "path_part": "myreq",
            "rest_api_id": "3ebxyu2w84"
          },
          "private": "bnVsbA==",
          "dependencies": [
            "aws_api_gateway_rest_api.krazzybee_api"
          ]
        }
      ]
    },
    {
      "mode": "managed",
      "type": "aws_api_gateway_rest_api",
      "name": "krazzybee_api",
      "provider": "provider.aws",
      "instances": [
        {
          "schema_version": 0,
          "attributes": {
            "api_key_source": "HEADER",
            "arn": "arn:aws:apigateway:ap-southeast-1::/restapis/3ebxyu2w84",
            "binary_media_types": null,
            "body": null,
            "created_date": "2020-01-03T14:03:36Z",
            "description": "",
            "endpoint_configuration": [
              {
                "types": [
                  "EDGE"
                ]
              }
            ],
            "execution_arn": "arn:aws:execute-api:ap-southeast-1:348320516530:3ebxyu2w84",
            "id": "3ebxyu2w84",
            "minimum_compression_size": -1,
            "name": "hello-gateway",
            "policy": "",
            "root_resource_id": "6d7nwpmepa",
            "tags": null
          },
          "private": "bnVsbA=="
        }
      ]
    },
    {
      "mode": "managed",
      "type": "aws_iam_role",
      "name": "lambda_krazzybee_role",
      "provider": "provider.aws",
      "instances": [
        {
          "schema_version": 0,
          "attributes": {
            "arn": "arn:aws:iam::348320516530:role/lambda_krazzybee_role",
            "assume_role_policy": "{\"Version\":\"2012-10-17\",\"Statement\":[{\"Sid\":\"\",\"Effect\":\"Allow\",\"Principal\":{\"Service\":\"lambda.amazonaws.com\"},\"Action\":\"sts:AssumeRole\"}]}",
            "create_date": "2020-01-03T11:43:12Z",
            "description": "",
            "force_detach_policies": false,
            "id": "lambda_krazzybee_role",
            "max_session_duration": 3600,
            "name": "lambda_krazzybee_role",
            "name_prefix": null,
            "path": "/",
            "permissions_boundary": null,
            "tags": {},
            "unique_id": "AROAVCGMFJGZCMHHYLPVS"
          },
          "private": "bnVsbA=="
        }
      ]
    },
    {
      "mode": "managed",
      "type": "aws_iam_role_policy",
      "name": "lambda_krazzybee_policy",
      "provider": "provider.aws",
      "instances": [
        {
          "schema_version": 0,
          "attributes": {
            "id": "lambda_krazzybee_role:lambda_krazzybee_policy",
            "name": "lambda_krazzybee_policy",
            "name_prefix": null,
            "policy": "{\r\n  \"Version\": \"2012-10-17\",\r\n  \"Statement\": [\r\n    {\r\n      \"Sid\": \"Stmt1578040135294\",\r\n      \"Action\": \"logs:*\",\r\n      \"Effect\": \"Allow\",\r\n      \"Resource\": \"*\"\r\n    }\r\n  ]\r\n}\r\n",
            "role": "lambda_krazzybee_role"
          },
          "private": "bnVsbA==",
          "dependencies": [
            "aws_iam_role.lambda_krazzybee_role"
          ]
        }
      ]
    },
    {
      "mode": "managed",
      "type": "aws_lambda_function",
      "name": "krazzybee_lambda",
      "provider": "provider.aws",
      "instances": [
        {
          "schema_version": 0,
          "attributes": {
            "arn": "arn:aws:lambda:ap-southeast-1:348320516530:function:hello_lambda",
            "dead_letter_config": [],
            "description": "",
            "environment": [],
            "filename": "main.zip",
            "function_name": "hello_lambda",
            "handler": "main",
            "id": "hello_lambda",
            "invoke_arn": "arn:aws:apigateway:ap-southeast-1:lambda:path/2015-03-31/functions/arn:aws:lambda:ap-southeast-1:348320516530:function:hello_lambda/invocations",
            "kms_key_arn": "",
            "last_modified": "2020-01-03T13:58:48.956+0000",
            "layers": [],
            "memory_size": 128,
            "publish": false,
            "qualified_arn": "arn:aws:lambda:ap-southeast-1:348320516530:function:hello_lambda:$LATEST",
            "reserved_concurrent_executions": -1,
            "role": "arn:aws:iam::348320516530:role/lambda_krazzybee_role",
            "runtime": "go1.x",
            "s3_bucket": null,
            "s3_key": null,
            "s3_object_version": null,
            "source_code_hash": "RFTdfrSk1XLKRSr+ioaSY6c2SR1g1g1PtX7J9j5eUXI=",
            "source_code_size": 4927232,
            "tags": {},
            "timeout": 3,
            "timeouts": null,
            "tracing_config": [
              {
                "mode": "PassThrough"
              }
            ],
            "version": "$LATEST",
            "vpc_config": []
          },
          "private": "eyJlMmJmYjczMC1lY2FhLTExZTYtOGY4OC0zNDM2M2JjN2M0YzAiOnsiY3JlYXRlIjo2MDAwMDAwMDAwMDB9fQ==",
          "dependencies": [
            "aws_iam_role.lambda_krazzybee_role"
          ]
        }
      ]
    },
    {
      "mode": "managed",
      "type": "aws_lambda_permission",
      "name": "apigw",
      "provider": "provider.aws",
      "instances": [
        {
          "schema_version": 0,
          "attributes": {
            "action": "lambda:InvokeFunction",
            "event_source_token": null,
            "function_name": "hello_lambda",
            "id": "AllowAPIGatewayInvoke",
            "principal": "apigateway.amazonaws.com",
            "qualifier": "",
            "source_account": null,
            "source_arn": "arn:aws:execute-api:ap-southeast-1:348320516530:3ebxyu2w84/*/*",
            "statement_id": "AllowAPIGatewayInvoke",
            "statement_id_prefix": null
          },
          "private": "bnVsbA==",
          "dependencies": [
            "aws_api_gateway_rest_api.krazzybee_api",
            "aws_lambda_function.krazzybee_lambda"
          ]
        }
      ]
    }
  ]
}
